
Microsoft Visual Studio Solution File, Format Version 12.00
# Visual Studio Version 17
VisualStudioVersion = 17.0.32428.209
MinimumVisualStudioVersion = 10.0.40219.1
Project("{2150E333-8FDC-42A3-9474-1A3956D46DE8}") = "Services", "Services", "{8D7FF3B8-1F8C-4AEE-ACA2-27A66F5C1FD9}"
EndProject
Project("{2150E333-8FDC-42A3-9474-1A3956D46DE8}") = "Catalog", "Catalog", "{BECDF10C-F0C7-4171-834E-1E0CB4A550C8}"
EndProject
Project("{9A19103F-16F7-4668-BE54-9A1E7A4F7556}") = "Catalog.API", "Services\Catalog\Catalog.API\Catalog.API.csproj", "{8CB3257D-E971-4241-A18E-F22B46C8CB7B}"
EndProject
Project("{E53339B2-1760-4266-BCC7-CA923CBCF16C}") = "docker-compose", "docker-compose.dcproj", "{4635F060-1E87-4288-8278-B4A46B993319}"
EndProject
Project("{2150E333-8FDC-42A3-9474-1A3956D46DE8}") = "Basket", "Basket", "{139BB2C0-5AAD-4960-912F-A5D181971730}"
EndProject
Project("{9A19103F-16F7-4668-BE54-9A1E7A4F7556}") = "Basket.API", "Services\Basket\Basket.API\Basket.API.csproj", "{D2E5CA2E-CCED-4ABD-B5A4-307820FC7483}"
EndProject
Project("{2150E333-8FDC-42A3-9474-1A3956D46DE8}") = "Discount", "Discount", "{CCB133F3-A9D0-4CAB-9D4F-FBF934B00FB3}"
EndProject
Project("{FAE04EC0-301F-11D3-BF4B-00C04F79EFBC}") = "Discount.API", "Services\Discount\Discount.API\Discount.API.csproj", "{36571C07-D844-4306-8AA2-9B802C194D39}"
EndProject
Global
	GlobalSection(SolutionConfigurationPlatforms) = preSolution
		Debug|Any CPU = Debug|Any CPU
		Release|Any CPU = Release|Any CPU
	EndGlobalSection
	GlobalSection(ProjectConfigurationPlatforms) = postSolution
		{8CB3257D-E971-4241-A18E-F22B46C8CB7B}.Debug|Any CPU.ActiveCfg = Debug|Any CPU
		{8CB3257D-E971-4241-A18E-F22B46C8CB7B}.Debug|Any CPU.Build.0 = Debug|Any CPU
		{8CB3257D-E971-4241-A18E-F22B46C8CB7B}.Release|Any CPU.ActiveCfg = Release|Any CPU
		{8CB3257D-E971-4241-A18E-F22B46C8CB7B}.Release|Any CPU.Build.0 = Release|Any CPU
		{4635F060-1E87-4288-8278-B4A46B993319}.Debug|Any CPU.ActiveCfg = Debug|Any CPU
		{4635F060-1E87-4288-8278-B4A46B993319}.Debug|Any CPU.Build.0 = Debug|Any CPU
		{4635F060-1E87-4288-8278-B4A46B993319}.Release|Any CPU.ActiveCfg = Release|Any CPU
		{4635F060-1E87-4288-8278-B4A46B993319}.Release|Any CPU.Build.0 = Release|Any CPU
		{D2E5CA2E-CCED-4ABD-B5A4-307820FC7483}.Debug|Any CPU.ActiveCfg = Debug|Any CPU
		{D2E5CA2E-CCED-4ABD-B5A4-307820FC7483}.Debug|Any CPU.Build.0 = Debug|Any CPU
		{D2E5CA2E-CCED-4ABD-B5A4-307820FC7483}.Release|Any CPU.ActiveCfg = Release|Any CPU
		{D2E5CA2E-CCED-4ABD-B5A4-307820FC7483}.Release|Any CPU.Build.0 = Release|Any CPU
		{36571C07-D844-4306-8AA2-9B802C194D39}.Debug|Any CPU.ActiveCfg = Debug|Any CPU
		{36571C07-D844-4306-8AA2-9B802C194D39}.Debug|Any CPU.Build.0 = Debug|Any CPU
		{36571C07-D844-4306-8AA2-9B802C194D39}.Release|Any CPU.ActiveCfg = Release|Any CPU
		{36571C07-D844-4306-8AA2-9B802C194D39}.Release|Any CPU.Build.0 = Release|Any CPU
	EndGlobalSection
	GlobalSection(SolutionProperties) = preSolution
		HideSolutionNode = FALSE
	EndGlobalSection
	GlobalSection(NestedProjects) = preSolution
		{BECDF10C-F0C7-4171-834E-1E0CB4A550C8} = {8D7FF3B8-1F8C-4AEE-ACA2-27A66F5C1FD9}
		{8CB3257D-E971-4241-A18E-F22B46C8CB7B} = {BECDF10C-F0C7-4171-834E-1E0CB4A550C8}
		{139BB2C0-5AAD-4960-912F-A5D181971730} = {8D7FF3B8-1F8C-4AEE-ACA2-27A66F5C1FD9}
		{D2E5CA2E-CCED-4ABD-B5A4-307820FC7483} = {139BB2C0-5AAD-4960-912F-A5D181971730}
		{CCB133F3-A9D0-4CAB-9D4F-FBF934B00FB3} = {8D7FF3B8-1F8C-4AEE-ACA2-27A66F5C1FD9}
		{36571C07-D844-4306-8AA2-9B802C194D39} = {CCB133F3-A9D0-4CAB-9D4F-FBF934B00FB3}
	EndGlobalSection
	GlobalSection(ExtensibilityGlobals) = postSolution
		SolutionGuid = {4B890F57-9988-4BE1-B20D-55CEDEBEA8C4}
	EndGlobalSection
EndGlobal
